
Microsoft Visual Studio Solution File, Format Version 12.00
# Visual Studio Version 17
VisualStudioVersion = 17.7.34024.191
MinimumVisualStudioVersion = 10.0.40219.1
Project("{FAE04EC0-301F-11D3-BF4B-00C04F79EFBC}") = "TagYouAreIt", "TagYouAreIt\TagYouAreIt.csproj", "{F89EAFD5-373A-4ECE-8DAA-36A9D7019851}"
EndProject
Global
	GlobalSection(SolutionConfigurationPlatforms) = preSolution
		Debug|Any CPU = Debug|Any CPU
		Release|Any CPU = Release|Any CPU
	EndGlobalSection
	GlobalSection(ProjectConfigurationPlatforms) = postSolution
		{F89EAFD5-373A-4ECE-8DAA-36A9D7019851}.Debug|Any CPU.ActiveCfg = Debug|Any CPU
		{F89EAFD5-373A-4ECE-8DAA-36A9D7019851}.Debug|Any CPU.Build.0 = Debug|Any CPU
		{F89EAFD5-373A-4ECE-8DAA-36A9D7019851}.Release|Any CPU.ActiveCfg = Release|Any CPU
		{F89EAFD5-373A-4ECE-8DAA-36A9D7019851}.Release|Any CPU.Build.0 = Release|Any CPU
	EndGlobalSection
	GlobalSection(SolutionProperties) = preSolution
		HideSolutionNode = FALSE
	EndGlobalSection
	GlobalSection(ExtensibilityGlobals) = postSolution
		SolutionGuid = {34717E53-9CA4-473B-960D-990892A3B208}
	EndGlobalSection
EndGlobal
